
Microsoft Visual Studio Solution File, Format Version 12.00
# Visual Studio Version 17
VisualStudioVersion = 17.6.33829.357
MinimumVisualStudioVersion = 10.0.40219.1
Project("{FAE04EC0-301F-11D3-BF4B-00C04F79EFBC}") = "BlazorApp", "BlazorApp\BlazorApp.csproj", "{5A7BACEC-2C7A-42D1-B544-9324A7AE6476}"
EndProject
Global
	GlobalSection(SolutionConfigurationPlatforms) = preSolution
		Debug|Any CPU = Debug|Any CPU
		Release|Any CPU = Release|Any CPU
	EndGlobalSection
	GlobalSection(ProjectConfigurationPlatforms) = postSolution
		{5A7BACEC-2C7A-42D1-B544-9324A7AE6476}.Debug|Any CPU.ActiveCfg = Debug|Any CPU
		{5A7BACEC-2C7A-42D1-B544-9324A7AE6476}.Debug|Any CPU.Build.0 = Debug|Any CPU
		{5A7BACEC-2C7A-42D1-B544-9324A7AE6476}.Release|Any CPU.ActiveCfg = Release|Any CPU
		{5A7BACEC-2C7A-42D1-B544-9324A7AE6476}.Release|Any CPU.Build.0 = Release|Any CPU
	EndGlobalSection
	GlobalSection(SolutionProperties) = preSolution
		HideSolutionNode = FALSE
	EndGlobalSection
	GlobalSection(ExtensibilityGlobals) = postSolution
		SolutionGuid = {AA28343F-8CB3-423F-A785-ACBC443FA517}
	EndGlobalSection
EndGlobal
